# This file was generated by Aiken
# You typically do not need to edit this file

[[requirements]]
name = "aiken-lang/stdlib"
version = "1.8.0"
source = "github"

[[requirements]]
name = "aiken-lang/fuzz"
version = "main"
source = "github"

[[requirements]]
name = "aiken-lang/sparse-merkle-tree"
version = "main"
source = "github"

[[packages]]
name = "aiken-lang/stdlib"
version = "1.8.0"
requirements = []
source = "github"

[[packages]]
name = "aiken-lang/fuzz"
version = "main"
requirements = []
source = "github"

[[packages]]
name = "aiken-lang/sparse-merkle-tree"
version = "main"
requirements = []
source = "github"

[etags]
"aiken-lang/fuzz@main" = [{ secs_since_epoch = 1712425937, nanos_since_epoch = 932619000 }, "d7aadd4a9b25589bd6d5e3bbedcd809cdf97fe3eddb365cf89cd6ac6bc829643"]
"aiken-lang/sparse-merkle-tree@main" = [{ secs_since_epoch = 1712425938, nanos_since_epoch = 11398000 }, "0e2d3528ea6930fa77a2a47bcf9a2be2a65016b664b7963bd8487d0c1adde650"]
